
Microsoft Visual Studio Solution File, Format Version 12.00
# Visual Studio 15
VisualStudioVersion = 15.0.26403.7
MinimumVisualStudioVersion = 10.0.40219.1
Project("{FAE04EC0-301F-11D3-BF4B-00C04F79EFBC}") = "NPBaseRepo", "NPBaseRepo\NPBaseRepo.csproj", "{02452152-47E2-4DF2-AD03-79664CA97A5C}"
EndProject
Project("{FAE04EC0-301F-11D3-BF4B-00C04F79EFBC}") = "NPBaseRepo.Tests", "NPBaseRepo.Tests\NPBaseRepo.Tests.csproj", "{65EC8772-FBF2-4FCE-BCE1-060FBAD04D23}"
EndProject
Global
	GlobalSection(SolutionConfigurationPlatforms) = preSolution
		Debug|Any CPU = Debug|Any CPU
		Release|Any CPU = Release|Any CPU
	EndGlobalSection
	GlobalSection(ProjectConfigurationPlatforms) = postSolution
		{02452152-47E2-4DF2-AD03-79664CA97A5C}.Debug|Any CPU.ActiveCfg = Debug|Any CPU
		{02452152-47E2-4DF2-AD03-79664CA97A5C}.Debug|Any CPU.Build.0 = Debug|Any CPU
		{02452152-47E2-4DF2-AD03-79664CA97A5C}.Release|Any CPU.ActiveCfg = Release|Any CPU
		{02452152-47E2-4DF2-AD03-79664CA97A5C}.Release|Any CPU.Build.0 = Release|Any CPU
		{65EC8772-FBF2-4FCE-BCE1-060FBAD04D23}.Debug|Any CPU.ActiveCfg = Debug|Any CPU
		{65EC8772-FBF2-4FCE-BCE1-060FBAD04D23}.Debug|Any CPU.Build.0 = Debug|Any CPU
		{65EC8772-FBF2-4FCE-BCE1-060FBAD04D23}.Release|Any CPU.ActiveCfg = Release|Any CPU
		{65EC8772-FBF2-4FCE-BCE1-060FBAD04D23}.Release|Any CPU.Build.0 = Release|Any CPU
	EndGlobalSection
	GlobalSection(SolutionProperties) = preSolution
		HideSolutionNode = FALSE
	EndGlobalSection
EndGlobal
